
Microsoft Visual Studio Solution File, Format Version 12.00
# Visual Studio 14
VisualStudioVersion = 14.0.25123.0
MinimumVisualStudioVersion = 10.0.40219.1
Project("{FAE04EC0-301F-11D3-BF4B-00C04F79EFBC}") = "WinViewer", "WinViewer\WinViewer.csproj", "{BEF30DDC-CDA4-4BED-86F3-038D6B9A711D}"
EndProject
Project("{FAE04EC0-301F-11D3-BF4B-00C04F79EFBC}") = "WebViewer", "WebViewer\WebViewer.csproj", "{B50BBE5A-DDF8-49F8-A742-F9CA3E200867}"
EndProject
Global
	GlobalSection(SolutionConfigurationPlatforms) = preSolution
		Debug|Any CPU = Debug|Any CPU
		Release|Any CPU = Release|Any CPU
	EndGlobalSection
	GlobalSection(ProjectConfigurationPlatforms) = postSolution
		{BEF30DDC-CDA4-4BED-86F3-038D6B9A711D}.Debug|Any CPU.ActiveCfg = Debug|Any CPU
		{BEF30DDC-CDA4-4BED-86F3-038D6B9A711D}.Debug|Any CPU.Build.0 = Debug|Any CPU
		{BEF30DDC-CDA4-4BED-86F3-038D6B9A711D}.Release|Any CPU.ActiveCfg = Release|Any CPU
		{BEF30DDC-CDA4-4BED-86F3-038D6B9A711D}.Release|Any CPU.Build.0 = Release|Any CPU
		{B50BBE5A-DDF8-49F8-A742-F9CA3E200867}.Debug|Any CPU.ActiveCfg = Debug|Any CPU
		{B50BBE5A-DDF8-49F8-A742-F9CA3E200867}.Debug|Any CPU.Build.0 = Debug|Any CPU
		{B50BBE5A-DDF8-49F8-A742-F9CA3E200867}.Release|Any CPU.ActiveCfg = Release|Any CPU
		{B50BBE5A-DDF8-49F8-A742-F9CA3E200867}.Release|Any CPU.Build.0 = Release|Any CPU
	EndGlobalSection
	GlobalSection(SolutionProperties) = preSolution
		HideSolutionNode = FALSE
	EndGlobalSection
EndGlobal
